
Microsoft Visual Studio Solution File, Format Version 12.00
Project("{FAE04EC0-301F-11D3-BF4B-00C04F79EFBC}") = "Api", "Api\Api.csproj", "{21B34188-3B7F-446A-B083-E9132C1A9119}"
EndProject
Project("{FAE04EC0-301F-11D3-BF4B-00C04F79EFBC}") = "DAL", "DAL\DAL.csproj", "{EFFD75BA-F81A-4DB5-B7DF-3EF72BA339DA}"
EndProject
Project("{FAE04EC0-301F-11D3-BF4B-00C04F79EFBC}") = "Domain", "Domain\Domain.csproj", "{DFCC6DBD-4776-4B0A-A0E4-BCBA8B1343FE}"
EndProject
Project("{FAE04EC0-301F-11D3-BF4B-00C04F79EFBC}") = "GameBrain", "GameBrain\GameBrain.csproj", "{A2A2DC8B-7BA5-4B35-A6A7-A2F0E184D958}"
EndProject
Project("{FAE04EC0-301F-11D3-BF4B-00C04F79EFBC}") = "Client", "Client\Client.csproj", "{1695ACA9-C4B5-4CFA-95E3-4DF8D6D32591}"
EndProject
Project("{FAE04EC0-301F-11D3-BF4B-00C04F79EFBC}") = "DAL.Contracts", "DAL.Contracts\DAL.Contracts.csproj", "{E00AFF6A-08D0-4345-86F4-C78D3173839B}"
EndProject
Global
	GlobalSection(SolutionConfigurationPlatforms) = preSolution
		Debug|Any CPU = Debug|Any CPU
		Release|Any CPU = Release|Any CPU
	EndGlobalSection
	GlobalSection(ProjectConfigurationPlatforms) = postSolution
		{21B34188-3B7F-446A-B083-E9132C1A9119}.Debug|Any CPU.ActiveCfg = Debug|Any CPU
		{21B34188-3B7F-446A-B083-E9132C1A9119}.Debug|Any CPU.Build.0 = Debug|Any CPU
		{21B34188-3B7F-446A-B083-E9132C1A9119}.Release|Any CPU.ActiveCfg = Release|Any CPU
		{21B34188-3B7F-446A-B083-E9132C1A9119}.Release|Any CPU.Build.0 = Release|Any CPU
		{EFFD75BA-F81A-4DB5-B7DF-3EF72BA339DA}.Debug|Any CPU.ActiveCfg = Debug|Any CPU
		{EFFD75BA-F81A-4DB5-B7DF-3EF72BA339DA}.Debug|Any CPU.Build.0 = Debug|Any CPU
		{EFFD75BA-F81A-4DB5-B7DF-3EF72BA339DA}.Release|Any CPU.ActiveCfg = Release|Any CPU
		{EFFD75BA-F81A-4DB5-B7DF-3EF72BA339DA}.Release|Any CPU.Build.0 = Release|Any CPU
		{DFCC6DBD-4776-4B0A-A0E4-BCBA8B1343FE}.Debug|Any CPU.ActiveCfg = Debug|Any CPU
		{DFCC6DBD-4776-4B0A-A0E4-BCBA8B1343FE}.Debug|Any CPU.Build.0 = Debug|Any CPU
		{DFCC6DBD-4776-4B0A-A0E4-BCBA8B1343FE}.Release|Any CPU.ActiveCfg = Release|Any CPU
		{DFCC6DBD-4776-4B0A-A0E4-BCBA8B1343FE}.Release|Any CPU.Build.0 = Release|Any CPU
		{A2A2DC8B-7BA5-4B35-A6A7-A2F0E184D958}.Debug|Any CPU.ActiveCfg = Debug|Any CPU
		{A2A2DC8B-7BA5-4B35-A6A7-A2F0E184D958}.Debug|Any CPU.Build.0 = Debug|Any CPU
		{A2A2DC8B-7BA5-4B35-A6A7-A2F0E184D958}.Release|Any CPU.ActiveCfg = Release|Any CPU
		{A2A2DC8B-7BA5-4B35-A6A7-A2F0E184D958}.Release|Any CPU.Build.0 = Release|Any CPU
		{1695ACA9-C4B5-4CFA-95E3-4DF8D6D32591}.Debug|Any CPU.ActiveCfg = Debug|Any CPU
		{1695ACA9-C4B5-4CFA-95E3-4DF8D6D32591}.Debug|Any CPU.Build.0 = Debug|Any CPU
		{1695ACA9-C4B5-4CFA-95E3-4DF8D6D32591}.Release|Any CPU.ActiveCfg = Release|Any CPU
		{1695ACA9-C4B5-4CFA-95E3-4DF8D6D32591}.Release|Any CPU.Build.0 = Release|Any CPU
		{E00AFF6A-08D0-4345-86F4-C78D3173839B}.Debug|Any CPU.ActiveCfg = Debug|Any CPU
		{E00AFF6A-08D0-4345-86F4-C78D3173839B}.Debug|Any CPU.Build.0 = Debug|Any CPU
		{E00AFF6A-08D0-4345-86F4-C78D3173839B}.Release|Any CPU.ActiveCfg = Release|Any CPU
		{E00AFF6A-08D0-4345-86F4-C78D3173839B}.Release|Any CPU.Build.0 = Release|Any CPU
	EndGlobalSection
EndGlobal
