
Microsoft Visual Studio Solution File, Format Version 12.00
Project("{FAE04EC0-301F-11D3-BF4B-00C04F79EFBC}") = "ConsoleApp", "ConsoleApp\ConsoleApp.csproj", "{68014EDC-5C77-4AF8-8B13-7F4C4486E9FE}"
EndProject
Project("{FAE04EC0-301F-11D3-BF4B-00C04F79EFBC}") = "GameVisualizer", "GameVisualizer\GameVisualizer.csproj", "{D4B45EDF-5BD5-4661-8514-FA2E3DC281BE}"
EndProject
Project("{FAE04EC0-301F-11D3-BF4B-00C04F79EFBC}") = "GameBrain", "GameBrain\GameBrain.csproj", "{A5D2BAD1-6136-4E2E-99FC-1B0630181FC3}"
EndProject
Project("{FAE04EC0-301F-11D3-BF4B-00C04F79EFBC}") = "DAL", "DAL\DAL.csproj", "{09348CAC-BD33-4FF1-8799-31523E446EA1}"
EndProject
Project("{FAE04EC0-301F-11D3-BF4B-00C04F79EFBC}") = "MenuApp", "MenuApp\MenuApp.csproj", "{ECA14B3C-BFA1-4367-8595-58FFD4F57465}"
EndProject
Project("{FAE04EC0-301F-11D3-BF4B-00C04F79EFBC}") = "TestConsole", "TestConsole\TestConsole.csproj", "{BB8990B4-98B1-4E92-837A-82C48E589ED7}"
EndProject
Project("{FAE04EC0-301F-11D3-BF4B-00C04F79EFBC}") = "WebApp", "WebApp\WebApp.csproj", "{AFD4AA50-4627-496B-AFD1-11BDDD548FD0}"
EndProject
Global
	GlobalSection(SolutionConfigurationPlatforms) = preSolution
		Debug|Any CPU = Debug|Any CPU
		Release|Any CPU = Release|Any CPU
	EndGlobalSection
	GlobalSection(ProjectConfigurationPlatforms) = postSolution
		{68014EDC-5C77-4AF8-8B13-7F4C4486E9FE}.Debug|Any CPU.ActiveCfg = Debug|Any CPU
		{68014EDC-5C77-4AF8-8B13-7F4C4486E9FE}.Debug|Any CPU.Build.0 = Debug|Any CPU
		{68014EDC-5C77-4AF8-8B13-7F4C4486E9FE}.Release|Any CPU.ActiveCfg = Release|Any CPU
		{68014EDC-5C77-4AF8-8B13-7F4C4486E9FE}.Release|Any CPU.Build.0 = Release|Any CPU
		{D4B45EDF-5BD5-4661-8514-FA2E3DC281BE}.Debug|Any CPU.ActiveCfg = Debug|Any CPU
		{D4B45EDF-5BD5-4661-8514-FA2E3DC281BE}.Debug|Any CPU.Build.0 = Debug|Any CPU
		{D4B45EDF-5BD5-4661-8514-FA2E3DC281BE}.Release|Any CPU.ActiveCfg = Release|Any CPU
		{D4B45EDF-5BD5-4661-8514-FA2E3DC281BE}.Release|Any CPU.Build.0 = Release|Any CPU
		{A5D2BAD1-6136-4E2E-99FC-1B0630181FC3}.Debug|Any CPU.ActiveCfg = Debug|Any CPU
		{A5D2BAD1-6136-4E2E-99FC-1B0630181FC3}.Debug|Any CPU.Build.0 = Debug|Any CPU
		{A5D2BAD1-6136-4E2E-99FC-1B0630181FC3}.Release|Any CPU.ActiveCfg = Release|Any CPU
		{A5D2BAD1-6136-4E2E-99FC-1B0630181FC3}.Release|Any CPU.Build.0 = Release|Any CPU
		{09348CAC-BD33-4FF1-8799-31523E446EA1}.Debug|Any CPU.ActiveCfg = Debug|Any CPU
		{09348CAC-BD33-4FF1-8799-31523E446EA1}.Debug|Any CPU.Build.0 = Debug|Any CPU
		{09348CAC-BD33-4FF1-8799-31523E446EA1}.Release|Any CPU.ActiveCfg = Release|Any CPU
		{09348CAC-BD33-4FF1-8799-31523E446EA1}.Release|Any CPU.Build.0 = Release|Any CPU
		{ECA14B3C-BFA1-4367-8595-58FFD4F57465}.Debug|Any CPU.ActiveCfg = Debug|Any CPU
		{ECA14B3C-BFA1-4367-8595-58FFD4F57465}.Debug|Any CPU.Build.0 = Debug|Any CPU
		{ECA14B3C-BFA1-4367-8595-58FFD4F57465}.Release|Any CPU.ActiveCfg = Release|Any CPU
		{ECA14B3C-BFA1-4367-8595-58FFD4F57465}.Release|Any CPU.Build.0 = Release|Any CPU
		{BB8990B4-98B1-4E92-837A-82C48E589ED7}.Debug|Any CPU.ActiveCfg = Debug|Any CPU
		{BB8990B4-98B1-4E92-837A-82C48E589ED7}.Debug|Any CPU.Build.0 = Debug|Any CPU
		{BB8990B4-98B1-4E92-837A-82C48E589ED7}.Release|Any CPU.ActiveCfg = Release|Any CPU
		{BB8990B4-98B1-4E92-837A-82C48E589ED7}.Release|Any CPU.Build.0 = Release|Any CPU
		{AFD4AA50-4627-496B-AFD1-11BDDD548FD0}.Debug|Any CPU.ActiveCfg = Debug|Any CPU
		{AFD4AA50-4627-496B-AFD1-11BDDD548FD0}.Debug|Any CPU.Build.0 = Debug|Any CPU
		{AFD4AA50-4627-496B-AFD1-11BDDD548FD0}.Release|Any CPU.ActiveCfg = Release|Any CPU
		{AFD4AA50-4627-496B-AFD1-11BDDD548FD0}.Release|Any CPU.Build.0 = Release|Any CPU
	EndGlobalSection
EndGlobal
